version = 1
revision = 3
requires-python = "==3.13.13"

[[package]]
name = "attrs"
version = "26.1.0"
source = { registry = "https://pypi.org/simple" }
sdist = { url = "https://files.pythonhosted.org/packages/9a/8e/82a0fe20a541c03148528be8cac2408564a6c9a0cc7e9171802bc1d26985/attrs-26.1.0.tar.gz", hash = "sha256:d03ceb89cb322a8fd706d4fb91940737b6642aa36998fe130a9bc96c985eff32", size = 952055, upload-time = "2026-03-19T14:22:25.026Z" }
wheels = [
    { url = "https://files.pythonhosted.org/packages/64/b4/17d4b0b2a2dc85a6df63d1157e028ed19f90d4cd97c36717afef2bc2f395/attrs-26.1.0-py3-none-any.whl", hash = "sha256:c647aa4a12dfbad9333ca4e71fe62ddc36f4e63b2d260a37a8b83d2f043ac309", size = 67548, upload-time = "2026-03-19T14:22:23.645Z" },
]

[[package]]
name = "babel"
version = "2.18.0"
source = { registry = "https://pypi.org/simple" }
sdist = { url = "https://files.pythonhosted.org/packages/7d/b2/51899539b6ceeeb420d40ed3cd4b7a40519404f9baf3d4ac99dc413a834b/babel-2.18.0.tar.gz", hash = "sha256:b80b99a14bd085fcacfa15c9165f651fbb3406e66cc603abf11c5750937c992d", size = 9959554, upload-time = "2026-02-01T12:30:56.078Z" }
wheels = [
    { url = "https://files.pythonhosted.org/packages/77/f5/21d2de20e8b8b0408f0681956ca2c69f1320a3848ac50e6e7f39c6159675/babel-2.18.0-py3-none-any.whl", hash = "sha256:e2b422b277c2b9a9630c1d7903c2a00d0830c409c59ac8cae9081c92f1aeba35", size = 10196845, upload-time = "2026-02-01T12:30:53.445Z" },
]

[[package]]
name = "csvw"
version = "4.1.0"
source = { registry = "https://pypi.org/simple" }
dependencies = [
    { name = "babel" },
    { name = "isodate" },
    { name = "jsonschema" },
    { name = "language-tags" },
    { name = "python-dateutil" },
    { name = "rdflib" },
    { name = "rfc3986" },
    { name = "termcolor" },
    { name = "uritemplate" },
]
sdist = { url = "https://files.pythonhosted.org/packages/c5/f1/95a10e22505e84bf346dd8df41d9c6135aea564d83d8e39b79b0851ba4db/csvw-4.1.0.tar.gz", hash = "sha256:bfe2b64442552b392577a8d30edf886510c8d05e665606fa5caa1508365fd700", size = 83167, upload-time = "2026-07-06T08:37:26.378Z" }
wheels = [
    { url = "https://files.pythonhosted.org/packages/fe/7f/9586327961379fd23362eafddac9fc9ba1d6783686d20154d55e93dd8a61/csvw-4.1.0-py2.py3-none-any.whl", hash = "sha256:d432d4cccd8dcdf31ccb2272d6d7ad40a9ebde7de3c7d6ced9033afb23bb76dd", size = 69495, upload-time = "2026-07-06T08:37:24.411Z" },
]

[[package]]
name = "dlinfo"
version = "2.0.0"
source = { registry = "https://pypi.org/simple" }
sdist = { url = "https://files.pythonhosted.org/packages/85/8e/8f2f94cd40af1b51e8e371a83b385d622170d42f98776441a6118f4dd682/dlinfo-2.0.0.tar.gz", hash = "sha256:88a2bc04f51d01bc604cdc9eb1c3cc0bde89057532ca6a3e71a41f6235433e17", size = 12727, upload-time = "2025-01-16T15:43:10.756Z" }
wheels = [
    { url = "https://files.pythonhosted.org/packages/da/90/022c79d6e5e6f843268c10b84d4a021ee3afba0621d3c176d3ff2024bfc8/dlinfo-2.0.0-py3-none-any.whl", hash = "sha256:b32cc18e3ea67c0ca9ca409e5b41eed863bd1363dbc9dd3de90fedf11b61e7bc", size = 3654, upload-time = "2025-01-16T15:43:09.474Z" },
]

[[package]]
name = "espeakng-loader"
version = "0.2.4"
source = { registry = "https://pypi.org/simple" }
wheels = [
    { url = "https://files.pythonhosted.org/packages/f8/92/f44ed7f531143c3c6c97d56e2b0f9be8728dc05e18b96d46eb539230ed46/espeakng_loader-0.2.4-py3-none-macosx_10_12_x86_64.whl", hash = "sha256:b77477ae2ddf62a748e04e49714eabb2f3a24f344166200b00539083bd669904", size = 9938387, upload-time = "2025-01-17T01:22:42.064Z" },
    { url = "https://files.pythonhosted.org/packages/a8/26/258c0cd43b9bc1043301c5f61767d6a6c3b679df82790c9cb43a3277b865/espeakng_loader-0.2.4-py3-none-macosx_11_0_arm64.whl", hash = "sha256:d27cdca31112226e7299d8562e889d3e38a1e48055c9ee381b45d669072ee59f", size = 9892565, upload-time = "2025-01-17T01:22:40.365Z" },
    { url = "https://files.pythonhosted.org/packages/de/1e/25ec5ab07528c0fbb215a61800a38eca05c8a99445515a02d7fa5debcb32/espeakng_loader-0.2.4-py3-none-manylinux_2_17_x86_64.manylinux2014_x86_64.whl", hash = "sha256:08721baf27d13d461f6be6eed9a65277e70d68234ff484fd8b9897b222cdcb6d", size = 10078484, upload-time = "2025-01-17T01:22:43.373Z" },
    { url = "https://files.pythonhosted.org/packages/d9/ad/1b768d8daffc2996e07bbcb6f534d8de3202cd75fce1f1c45eced1ce6465/espeakng_loader-0.2.4-py3-none-manylinux_2_28_aarch64.whl", hash = "sha256:d1e798141b46a050cdb75fcf3c17db969bb2c40394f3f4a48910655d547508b9", size = 10037736, upload-time = "2025-01-17T01:22:42.576Z" },
    { url = "https://files.pythonhosted.org/packages/9d/ed/a3d872fbad4f3a3f3db0e8c31768ab14e77cd77306de16b8b20b1e1df7ea/espeakng_loader-0.2.4-py3-none-win_amd64.whl", hash = "sha256:41f1e08ac9deda2efd1ea9de0b81dab9f5ae3c4b24284f76533d0a7b1dd7abd7", size = 9437292, upload-time = "2025-01-17T01:23:27.463Z" },
    { url = "https://files.pythonhosted.org/packages/29/64/0b75bc50ec53b4e000bac913625511215aa96124adf5dba8c4baa17c02cd/espeakng_loader-0.2.4-py3-none-win_arm64.whl", hash = "sha256:d7a2928843eaeb2df82f99a370f44e8a630f59b02f9b0d1f168a03c4eeb76b89", size = 9426841, upload-time = "2025-01-17T01:23:21.766Z" },
]

[[package]]
name = "flatbuffers"
version = "25.12.19"
source = { registry = "https://pypi.org/simple" }
wheels = [
    { url = "https://files.pythonhosted.org/packages/e8/2d/d2a548598be01649e2d46231d151a6c56d10b964d94043a335ae56ea2d92/flatbuffers-25.12.19-py2.py3-none-any.whl", hash = "sha256:7634f50c427838bb021c2d66a3d1168e9d199b0607e6329399f04846d42e20b4", size = 26661, upload-time = "2025-12-19T23:16:13.622Z" },
]

[[package]]
name = "isodate"
version = "0.7.2"
source = { registry = "https://pypi.org/simple" }
sdist = { url = "https://files.pythonhosted.org/packages/54/4d/e940025e2ce31a8ce1202635910747e5a87cc3a6a6bb2d00973375014749/isodate-0.7.2.tar.gz", hash = "sha256:4cd1aa0f43ca76f4a6c6c0292a85f40b35ec2e43e315b59f06e6d32171a953e6", size = 29705, upload-time = "2024-10-08T23:04:11.5Z" }
wheels = [
    { url = "https://files.pythonhosted.org/packages/15/aa/0aca39a37d3c7eb941ba736ede56d689e7be91cab5d9ca846bde3999eba6/isodate-0.7.2-py3-none-any.whl", hash = "sha256:28009937d8031054830160fce6d409ed342816b543597cece116d966c6d99e15", size = 22320, upload-time = "2024-10-08T23:04:09.501Z" },
]

[[package]]
name = "joblib"
version = "1.5.3"
source = { registry = "https://pypi.org/simple" }
sdist = { url = "https://files.pythonhosted.org/packages/41/f2/d34e8b3a08a9cc79a50b2208a93dce981fe615b64d5a4d4abee421d898df/joblib-1.5.3.tar.gz", hash = "sha256:8561a3269e6801106863fd0d6d84bb737be9e7631e33aaed3fb9ce5953688da3", size = 331603, upload-time = "2025-12-15T08:41:46.427Z" }
wheels = [
    { url = "https://files.pythonhosted.org/packages/7b/91/984aca2ec129e2757d1e4e3c81c3fcda9d0f85b74670a094cc443d9ee949/joblib-1.5.3-py3-none-any.whl", hash = "sha256:5fc3c5039fc5ca8c0276333a188bbd59d6b7ab37fe6632daa76bc7f9ec18e713", size = 309071, upload-time = "2025-12-15T08:41:44.973Z" },
]

[[package]]
name = "jsonschema"
version = "4.26.0"
source = { registry = "https://pypi.org/simple" }
dependencies = [
    { name = "attrs" },
    { name = "jsonschema-specifications" },
    { name = "referencing" },
    { name = "rpds-py" },
]
sdist = { url = "https://files.pythonhosted.org/packages/b3/fc/e067678238fa451312d4c62bf6e6cf5ec56375422aee02f9cb5f909b3047/jsonschema-4.26.0.tar.gz", hash = "sha256:0c26707e2efad8aa1bfc5b7ce170f3fccc2e4918ff85989ba9ffa9facb2be326", size = 366583, upload-time = "2026-01-07T13:41:07.246Z" }
wheels = [
    { url = "https://files.pythonhosted.org/packages/69/90/f63fb5873511e014207a475e2bb4e8b2e570d655b00ac19a9a0ca0a385ee/jsonschema-4.26.0-py3-none-any.whl", hash = "sha256:d489f15263b8d200f8387e64b4c3a75f06629559fb73deb8fdfb525f2dab50ce", size = 90630, upload-time = "2026-01-07T13:41:05.306Z" },
]

[[package]]
name = "jsonschema-specifications"
version = "2025.9.1"
source = { registry = "https://pypi.org/simple" }
dependencies = [
    { name = "referencing" },
]
sdist = { url = "https://files.pythonhosted.org/packages/19/74/a633ee74eb36c44aa6d1095e7cc5569bebf04342ee146178e2d36600708b/jsonschema_specifications-2025.9.1.tar.gz", hash = "sha256:b540987f239e745613c7a9176f3edb72b832a4ac465cf02712288397832b5e8d", size = 32855, upload-time = "2025-09-08T01:34:59.186Z" }
wheels = [
    { url = "https://files.pythonhosted.org/packages/41/45/1a4ed80516f02155c51f51e8cedb3c1902296743db0bbc66608a0db2814f/jsonschema_specifications-2025.9.1-py3-none-any.whl", hash = "sha256:98802fee3a11ee76ecaca44429fda8a41bff98b00a0f2838151b113f210cc6fe", size = 18437, upload-time = "2025-09-08T01:34:57.871Z" },
]

[[package]]
name = "kokoro-onnx"
version = "0.5.0"
source = { registry = "https://pypi.org/simple" }
dependencies = [
    { name = "espeakng-loader" },
    { name = "numpy" },
    { name = "onnxruntime" },
    { name = "phonemizer-fork" },
]
sdist = { url = "https://files.pythonhosted.org/packages/6b/18/277bd18aeeceaf5c46a51bb50c1cbdccdad8cab7fd1d58f0173bbeeec708/kokoro_onnx-0.5.0.tar.gz", hash = "sha256:5beb15f085e2828ed8d493f792c079af857103ab2dceaa1e112b1760587ac96a", size = 84570, upload-time = "2026-01-30T03:05:45.6Z" }
wheels = [
    { url = "https://files.pythonhosted.org/packages/0d/55/0bfcb4aa50033c89e5ac132af3d07fac0543824ce6eaefd4d1bfdcc3795b/kokoro_onnx-0.5.0-py3-none-any.whl", hash = "sha256:4e1c38a296db5dbc1f722f69f5e3c13f2e2877b3e5b145287f56ec057013e357", size = 17448, upload-time = "2026-01-30T03:05:46.931Z" },
]

[[package]]
name = "language-tags"
version = "1.3.1"
source = { registry = "https://pypi.org/simple" }
sdist = { url = "https://files.pythonhosted.org/packages/39/d1/b37165bed9016c19e2cdecf4176fbd902a014fb8a87dd44415438e190969/language_tags-1.3.1.tar.gz", hash = "sha256:b15f05505dad3ad296a1782d5a6083fd141309186094d1ab08095348f4203f37", size = 222642, upload-time = "2026-05-08T11:46:24.418Z" }
wheels = [
    { url = "https://files.pythonhosted.org/packages/0a/21/b48b9e8408b3faec9fb7cb2f68352c7724add35a980c948eaceb29ac41e4/language_tags-1.3.1-py3-none-any.whl", hash = "sha256:f7db7ef8879523019603e09644a86d95ba60595ce5e5ea82d46e8971b0f68f7b", size = 216654, upload-time = "2026-05-08T11:46:17.836Z" },
]

[[package]]
name = "numpy"
version = "2.4.6"
source = { registry = "https://pypi.org/simple" }
sdist = { url = "https://files.pythonhosted.org/packages/d0/ad/fed0499ce6a338d2a03ebae59cd15093910c8875328855781952abf6c2fe/numpy-2.4.6.tar.gz", hash = "sha256:f3a3570c4a2a16746ac2c31a7c7c7b0c186b95ce902e33db6f28094ed7387dda", size = 20735807, upload-time = "2026-05-18T23:37:14.07Z" }
wheels = [
    { url = "https://files.pythonhosted.org/packages/fb/82/bdab26d7438c6791ca31b7c024ca37c1eab8b726ba236129005cd4a06e45/numpy-2.4.6-cp313-cp313-macosx_10_13_x86_64.whl", hash = "sha256:511dbaf848decaaaf4b4ca48032619fb3138710c4bf7da7617765edad1ef96b0", size = 16684648, upload-time = "2026-05-18T23:34:29.41Z" },
    { url = "https://files.pythonhosted.org/packages/1b/30/a80189bcc7f5e4258b3fbc3968d909d1756f54d023299ecc39ad6fdb9ef8/numpy-2.4.6-cp313-cp313-macosx_11_0_arm64.whl", hash = "sha256:bf162abab1c1a736333192707cef898e735a5ca00f38f27eeedf44b39d9e85eb", size = 14693902, upload-time = "2026-05-18T23:34:33.013Z" },
    { url = "https://files.pythonhosted.org/packages/97/12/70b5d0d7c15e1ebb8a6a84a8caa1d19e181d84fb58bb6d70aca29099dec1/numpy-2.4.6-cp313-cp313-macosx_14_0_arm64.whl", hash = "sha256:043191bfa8eab18c776647b62723ac9dddece59743b13f49b2016094129c2b3f", size = 5198992, upload-time = "2026-05-18T23:34:36.132Z" },
    { url = "https://files.pythonhosted.org/packages/ba/8c/ebd2a8f8a83541f8d38cc5667e8c2b69cecfd30da6e45693e8158857d44b/numpy-2.4.6-cp313-cp313-macosx_14_0_x86_64.whl", hash = "sha256:6180d8b35af935aed8ece3a85e0a43f87393ae0ac87c8d2c8bd2c993f7270ef3", size = 6546944, upload-time = "2026-05-18T23:34:38.484Z" },
    { url = "https://files.pythonhosted.org/packages/bb/c5/7b863a97a91671a0338f4253bd3b5a3d3852f0692dae91711c9f4a10e787/numpy-2.4.6-cp313-cp313-manylinux_2_27_aarch64.manylinux_2_28_aarch64.whl", hash = "sha256:72fbe16c6fac95aedf5937fa873445cec2110be35d8a4e9433d7501fd98dae6b", size = 15669392, upload-time = "2026-05-18T23:34:41.257Z" },
    { url = "https://files.pythonhosted.org/packages/a5/9d/3584b9984ca4c047aea75214ce1a4c4c73d849bd71b604264b7f5653f8a8/numpy-2.4.6-cp313-cp313-manylinux_2_27_x86_64.manylinux_2_28_x86_64.whl", hash = "sha256:a7830bab239b79cda9c08c2da014761cafb48da6150e1da17ac06283f43b6089", size = 16633220, upload-time = "2026-05-18T23:34:45.075Z" },
    { url = "https://files.pythonhosted.org/packages/05/ae/7c67fba23bd98caec7c99261f3a16072ade14813486b0282cb29846de832/numpy-2.4.6-cp313-cp313-musllinux_1_2_aarch64.whl", hash = "sha256:ef4aea96ce4d3b074422cb4f2f64e216bf9e213004bb58ecfdf50ea02ea8eb9a", size = 17020800, upload-time = "2026-05-18T23:34:49.065Z" },
    { url = "https://files.pythonhosted.org/packages/d9/5d/3b6725cb31d983c5e66916f5d36f6d7e5521129e4c4404d64f918292a5b6/numpy-2.4.6-cp313-cp313-musllinux_1_2_x86_64.whl", hash = "sha256:dfa20cc6ca228e6b155b11da03825975ce66aea520985dbbddf0f2a5a495c605", size = 18357600, upload-time = "2026-05-18T23:34:52.709Z" },
    { url = "https://files.pythonhosted.org/packages/f7/da/2ccc6c2fe8898dee01d90c75c5f5f914a23daf99e3e0f59516a08760c8b5/numpy-2.4.6-cp313-cp313-win32.whl", hash = "sha256:56b39e5e0622a09a25bf5baf62f4bcf0cb8a41ae6e2819cf49bbc5a74c083f91", size = 5961134, upload-time = "2026-05-18T23:34:55.618Z" },
    { url = "https://files.pythonhosted.org/packages/b5/cd/9cc4dc876fb065d5c220aae4d5e14826b2715331bb7618ce1fb07a679d99/numpy-2.4.6-cp313-cp313-win_amd64.whl", hash = "sha256:c4fc99836233ea196540b17ab0983aff60ed07941751930f5f4d05bc3b3b7359", size = 12318598, upload-time = "2026-05-18T23:34:58.928Z" },
    { url = "https://files.pythonhosted.org/packages/39/1e/c0bcba1f8694116485fe28fd1be698c278fcda4141c5b0e53a2aed8b12a8/numpy-2.4.6-cp313-cp313-win_arm64.whl", hash = "sha256:a7c711e21628b52034bb5ab8d1bce291f752fcc5e92accc615778acee1ff4778", size = 10222272, upload-time = "2026-05-18T23:35:02.167Z" },
    { url = "https://files.pythonhosted.org/packages/63/6d/cc5619247c8f4204e507f5883528372e4ac4bb189e579fb859a12e480b1f/numpy-2.4.6-cp313-cp313t-macosx_11_0_arm64.whl", hash = "sha256:112b06a867b235ef466ed3508ddf0238050df9c727cafb5301ac385b899189a1", size = 14821197, upload-time = "2026-05-18T23:35:05.468Z" },
    { url = "https://files.pythonhosted.org/packages/00/58/f1c39161c87d9e9bed660f1ed4bafc0e403d5ec9650b6dd77aead07d489b/numpy-2.4.6-cp313-cp313t-macosx_14_0_arm64.whl", hash = "sha256:eaf7fa2de5c0be8ae6ff8e9bea2ccd725e980541244521d8d4b5f3354a27babe", size = 5326287, upload-time = "2026-05-18T23:35:08.693Z" },
    { url = "https://files.pythonhosted.org/packages/af/57/3917ab0fd97f271a8694513581b8a36c655f111c446852c302f04ccdb6fc/numpy-2.4.6-cp313-cp313t-macosx_14_0_x86_64.whl", hash = "sha256:7265a2f3d436e54ef9f2b52b5c937e6be778781bd97a590319d7348f1c1ca997", size = 6646763, upload-time = "2026-05-18T23:35:11.459Z" },
    { url = "https://files.pythonhosted.org/packages/eb/0f/037e64c494b67581ae18193d770adef354c41f3f2c8ebf865602d949bf8f/numpy-2.4.6-cp313-cp313t-manylinux_2_27_aarch64.manylinux_2_28_aarch64.whl", hash = "sha256:f74a575920ab21fe304421a3fc28793d82e299cae9eccb37084e9fc7f3617c20", size = 15728070, upload-time = "2026-05-18T23:35:14.79Z" },
    { url = "https://files.pythonhosted.org/packages/21/a6/5d2bae9c9542eb4df16dc9c46dc79c186e9bad53805dfa5399a6023c6db0/numpy-2.4.6-cp313-cp313t-manylinux_2_27_x86_64.manylinux_2_28_x86_64.whl", hash = "sha256:ede83e07a75dd06bc501566c1eca2afc0d61677c1472ac9ad93fdee6e638a48d", size = 16681752, upload-time = "2026-05-18T23:35:18.836Z" },
    { url = "https://files.pythonhosted.org/packages/92/14/23d1dfb410ae362cd59ce53e936b1513d545eb40db3949ced632e19a459e/numpy-2.4.6-cp313-cp313t-musllinux_1_2_aarch64.whl", hash = "sha256:68bb27509ac1b9a3443094260f6326150663b06abe40b73a2f81160623da5b67", size = 17086024, upload-time = "2026-05-18T23:35:22.52Z" },
    { url = "https://files.pythonhosted.org/packages/4b/6e/23595a2c642cdf3bc567877064bdd7f91c8b0038a4453cf2daf7248eafe9/numpy-2.4.6-cp313-cp313t-musllinux_1_2_x86_64.whl", hash = "sha256:a0df0043bdb289bde1f62da130d20df23d58b45429f752bc7a8fc5325a225ecd", size = 18403398, upload-time = "2026-05-18T23:35:26.398Z" },
    { url = "https://files.pythonhosted.org/packages/8a/90/0ac3bc947217e66dec77e7cbc6a1979d1af70b6461b82f620d3bccd5e4c8/numpy-2.4.6-cp313-cp313t-win32.whl", hash = "sha256:29a287e0cf63ff528da061de6b9f64a4618da591ca1046aafc54062e40ca7eab", size = 6084971, upload-time = "2026-05-18T23:35:29.387Z" },
    { url = "https://files.pythonhosted.org/packages/77/71/5673e351671a1d2bd6063b91b44f70c0affea7d1516fa7a6572941ba4aa1/numpy-2.4.6-cp313-cp313t-win_amd64.whl", hash = "sha256:25c692919ac5a01f170a3bfcd62d745b24fd095c353d50812637d6fcab442e75", size = 12458532, upload-time = "2026-05-18T23:35:32.175Z" },
    { url = "https://files.pythonhosted.org/packages/3f/88/19d3503c5046e688f049274b27a3ef3d771152fa80d3ba3d01a3dff61abe/numpy-2.4.6-cp313-cp313t-win_arm64.whl", hash = "sha256:1e978ec1e8bd0e0e4de6bb75de9d30cbb74db6b6a2bb727618613703ca0167dd", size = 10291881, upload-time = "2026-05-18T23:35:35.465Z" },
]

[[package]]
name = "onnxruntime"
version = "1.29.0"
source = { registry = "https://pypi.org/simple" }
dependencies = [
    { name = "flatbuffers" },
    { name = "numpy" },
    { name = "packaging" },
    { name = "protobuf" },
]
wheels = [
    { url = "https://files.pythonhosted.org/packages/41/f8/d375facf60edaf41f5732f9f689c98a800fcc52df5cf6ddfb406703eb5a1/onnxruntime-1.29.0-cp313-cp313-macosx_14_0_arm64.whl", hash = "sha256:be0f8ed688cfb1d4d5765a137193b7bfab0c8ea214eed99260b380bb525a3a7f", size = 21429708, upload-time = "2026-08-17T22:54:01.44Z" },
    { url = "https://files.pythonhosted.org/packages/c9/17/b9ad04051a8c4f504852ce0e8e10f9a6b2f1a331eedcdcc503df776dd0ea/onnxruntime-1.29.0-cp313-cp313-manylinux_2_28_aarch64.whl", hash = "sha256:d67673c5367727860922c5262d724472f1b5539fb7ccf4c81a638f9b71719803", size = 20816263, upload-time = "2026-08-17T22:54:04.088Z" },
    { url = "https://files.pythonhosted.org/packages/83/2c/d8eb945d2a372149df9705a8d5c8d7c6c46c987c5446dbcea9e1ea7f6556/onnxruntime-1.29.0-cp313-cp313-manylinux_2_28_x86_64.whl", hash = "sha256:e2128f31f449e922c62dbe5d8b6b7b079f0bcaf2d56a102fa203cb6e5bb5ab19", size = 23136817, upload-time = "2026-08-17T22:54:06.714Z" },
    { url = "https://files.pythonhosted.org/packages/e1/3b/66b424c63fa92dfaa48d1719efaae66fc8c256b9426a832eda51d8dfe1e9/onnxruntime-1.29.0-cp313-cp313-win_amd64.whl", hash = "sha256:2945e1f82f81f27e88decea88c7861f45baea23818950d467bf3909aa303119e", size = 14001310, upload-time = "2026-08-17T22:54:09.13Z" },
    { url = "https://files.pythonhosted.org/packages/83/22/d6a700e3a6322fa3d56fbe7cee9ffc53f35e77ffcd6b7e97f4b7722a27ab/onnxruntime-1.29.0-cp313-cp313-win_arm64.whl", hash = "sha256:4b940b0d777590c7e20bf298f5c16af1ea6ad1b400a1c822a6be192f64f4d954", size = 13747112, upload-time = "2026-08-17T22:54:11.608Z" },
    { url = "https://files.pythonhosted.org/packages/4a/89/c4af146de3d60a32c89fea48d5d34bfd044faaf8957270043a03bd1b462b/onnxruntime-1.29.0-cp313-cp313t-manylinux_2_28_aarch64.whl", hash = "sha256:533f8370ce124304e5cb08ab961836cf755631e3dd77adc5f3bbdab70c2b7d99", size = 20826136, upload-time = "2026-08-17T22:54:14.315Z" },
    { url = "https://files.pythonhosted.org/packages/9d/f2/e6bbacd11dfe8d070613261a758795ea128b9fc9bea391a2a7da2e4c7a08/onnxruntime-1.29.0-cp313-cp313t-manylinux_2_28_x86_64.whl", hash = "sha256:c1ad3f437153fe77f9d01a08fbaac0beb030e09b8a80ace1603bcf69b6c95481", size = 23138951, upload-time = "2026-08-17T22:54:17.154Z" },
]

[[package]]
name = "packaging"
version = "26.3"
source = { registry = "https://pypi.org/simple" }
sdist = { url = "https://files.pythonhosted.org/packages/7d/fa/3944b40b07da9ce895c0e6303a5ab7d53da063554f534556b134a54d6093/packaging-26.3.tar.gz", hash = "sha256:94edc256424af38762eb31306eed28beb9f0efc50a8837492c9d6fd6004aed79", size = 313412, upload-time = "2026-08-04T18:15:28.737Z" }
wheels = [
    { url = "https://files.pythonhosted.org/packages/63/34/ba1c580383c9eada3711951fef0795c80b829a078d72188184bcab9dd527/packaging-26.3-py3-none-any.whl", hash = "sha256:d7193f7c8e4e93f444fde0262bf90af30e16fa0ad0ad44cb553c87339b23cd1c", size = 129956, upload-time = "2026-08-04T18:15:27.159Z" },
]

[[package]]
name = "phonemizer-fork"
version = "3.3.2"
source = { registry = "https://pypi.org/simple" }
dependencies = [
    { name = "attrs" },
    { name = "dlinfo" },
    { name = "joblib" },
    { name = "segments" },
    { name = "typing-extensions" },
]
sdist = { url = "https://files.pythonhosted.org/packages/42/fa/9294d2f11890ca49d0bdac7a4da60cbe5686629bfd4987cae0ad75e051cc/phonemizer_fork-3.3.2.tar.gz", hash = "sha256:10e16e827d0443b087062e21b55e805c00989cf1343b2e81e734cae5f6c0cf69", size = 300989, upload-time = "2025-01-30T13:02:31.201Z" }
wheels = [
    { url = "https://files.pythonhosted.org/packages/64/f1/0dcce21b0ae16a82df4b6583f8f3ad8e55b35f7e98b6bf536a4dd225fa08/phonemizer_fork-3.3.2-py3-none-any.whl", hash = "sha256:97305c76f4183b3825dae8f4c032265fe78c9946ce58c47d4b62161349264b74", size = 82700, upload-time = "2025-01-30T13:02:28.667Z" },
]

[[package]]
name = "protobuf"
version = "7.36.0"
source = { registry = "https://pypi.org/simple" }
sdist = { url = "https://files.pythonhosted.org/packages/a7/e7/0553e21d25ca4d9f573135775348a372c3ec34a93a71d5f297c3bac38341/protobuf-7.36.0.tar.gz", hash = "sha256:e8e09cb0d794c6687926fa558a8a6e72aa10edb997d5ca61da0765f12a3e00ea", size = 510034, upload-time = "2026-08-20T16:34:01.071Z" }
wheels = [
    { url = "https://files.pythonhosted.org/packages/8f/ae/58e3ca96cb2e118cc546b677359b3c6659f79a140935c08dec94c7998585/protobuf-7.36.0-cp310-abi3-macosx_10_9_universal2.whl", hash = "sha256:9103532dffd80c6fab7e50c65a31007680a06eb57537d437bb1b35812c138a37", size = 453256, upload-time = "2026-08-20T16:33:53.945Z" },
    { url = "https://files.pythonhosted.org/packages/f0/15/5162230af4912697f0fe406f6800f80760945babcff0e2c2fe6c84ef2d5d/protobuf-7.36.0-cp310-abi3-manylinux2014_aarch64.whl", hash = "sha256:bf94a5917c71058262de683669bc0a797a7669d3de71f0b36d058e3194f47b44", size = 341436, upload-time = "2026-08-20T16:33:55.134Z" },
    { url = "https://files.pythonhosted.org/packages/d7/09/1670b2bfc9a45e807e520c3e9be36524db9ccc7dc05ea17af7681cabdc61/protobuf-7.36.0-cp310-abi3-manylinux2014_s390x.whl", hash = "sha256:3297e60abdff301e5f74393d87f6cc59dacab5f024a89548a6e8de1d26576b16", size = 354440, upload-time = "2026-08-20T16:33:56.077Z" },
    { url = "https://files.pythonhosted.org/packages/c7/f8/bd5804695ba400e423c33fd4d9f58c28d86633d5ba1945c36ff3967d98cb/protobuf-7.36.0-cp310-abi3-manylinux2014_x86_64.whl", hash = "sha256:70f5ec8eb0da81a44360c0dc0beac99a0d78071d21956a7076bae8bd2051841b", size = 340439, upload-time = "2026-08-20T16:33:56.992Z" },
    { url = "https://files.pythonhosted.org/packages/ef/9f/acd02338235a3e7d03168c4303478347b7624fc8189ff4e7f0d2654bbe86/protobuf-7.36.0-cp310-abi3-win32.whl", hash = "sha256:7326fd717bdc419162a735938d89d4032332bcc3408804012b24ff3a37086071", size = 440216, upload-time = "2026-08-20T16:33:57.99Z" },
    { url = "https://files.pythonhosted.org/packages/0e/4e/12cb93270967a2affff5b3f720694700d4d87712a67afd05c8cb3f6fa52c/protobuf-7.36.0-cp310-abi3-win_amd64.whl", hash = "sha256:1781cc1de61249b750848029bca452c0a8b7e990080316b9bbc2518b2117b488", size = 453731, upload-time = "2026-08-20T16:33:58.951Z" },
    { url = "https://files.pythonhosted.org/packages/01/c3/629999e78d46c1115c11886d51c6bd68c17ce4a944f1ea3e153a91316a33/protobuf-7.36.0-py3-none-any.whl", hash = "sha256:53374d53fc29a67f7dbbf0ade47d7526a0f0137bf0f9c90e48d8a60790ef748c", size = 177024, upload-time = "2026-08-20T16:34:00.053Z" },
]

[[package]]
name = "pyparsing"
version = "3.3.2"
source = { registry = "https://pypi.org/simple" }
sdist = { url = "https://files.pythonhosted.org/packages/f3/91/9c6ee907786a473bf81c5f53cf703ba0957b23ab84c264080fb5a450416f/pyparsing-3.3.2.tar.gz", hash = "sha256:c777f4d763f140633dcb6d8a3eda953bf7a214dc4eff598413c070bcdc117cbc", size = 6851574, upload-time = "2026-01-21T03:57:59.36Z" }
wheels = [
    { url = "https://files.pythonhosted.org/packages/10/bd/c038d7cc38edc1aa5bf91ab8068b63d4308c66c4c8bb3cbba7dfbc049f9c/pyparsing-3.3.2-py3-none-any.whl", hash = "sha256:850ba148bd908d7e2411587e247a1e4f0327839c40e2e5e6d05a007ecc69911d", size = 122781, upload-time = "2026-01-21T03:57:55.912Z" },
]

[[package]]
name = "python-dateutil"
version = "2.9.0.post0"
source = { registry = "https://pypi.org/simple" }
dependencies = [
    { name = "six" },
]
sdist = { url = "https://files.pythonhosted.org/packages/66/c0/0c8b6ad9f17a802ee498c46e004a0eb49bc148f2fd230864601a86dcf6db/python-dateutil-2.9.0.post0.tar.gz", hash = "sha256:37dd54208da7e1cd875388217d5e00ebd4179249f90fb72437e91a35459a0ad3", size = 342432, upload-time = "2024-03-01T18:36:20.211Z" }
wheels = [
    { url = "https://files.pythonhosted.org/packages/ec/57/56b9bcc3c9c6a792fcbaf139543cee77261f3651ca9da0c93f5c1221264b/python_dateutil-2.9.0.post0-py2.py3-none-any.whl", hash = "sha256:a8b2bc7bffae282281c8140a97d3aa9c14da0b136dfe83f850eea9a5f7470427", size = 229892, upload-time = "2024-03-01T18:36:18.57Z" },
]

[[package]]
name = "rdflib"
version = "7.6.0"
source = { registry = "https://pypi.org/simple" }
dependencies = [
    { name = "pyparsing" },
]
sdist = { url = "https://files.pythonhosted.org/packages/98/f5/18bb77b7af9526add0c727a3b2048959847dc5fb030913e2918bf384fec3/rdflib-7.6.0.tar.gz", hash = "sha256:6c831288d5e4a5a7ece85d0ccde9877d512a3d0f02d7c06455d00d6d0ea379df", size = 4943826, upload-time = "2026-02-13T07:15:55.938Z" }
wheels = [
    { url = "https://files.pythonhosted.org/packages/10/c2/6604a71269e0c1bd75656d5a001432d16f2cc5b8c057140ec797155c295e/rdflib-7.6.0-py3-none-any.whl", hash = "sha256:30c0a3ebf4c0e09215f066be7246794b6492e054e782d7ac2a34c9f70a15e0dd", size = 615416, upload-time = "2026-02-13T07:15:46.487Z" },
]

[[package]]
name = "referencing"
version = "0.37.0"
source = { registry = "https://pypi.org/simple" }
dependencies = [
    { name = "attrs" },
    { name = "rpds-py" },
]
sdist = { url = "https://files.pythonhosted.org/packages/22/f5/df4e9027acead3ecc63e50fe1e36aca1523e1719559c499951bb4b53188f/referencing-0.37.0.tar.gz", hash = "sha256:44aefc3142c5b842538163acb373e24cce6632bd54bdb01b21ad5863489f50d8", size = 78036, upload-time = "2025-10-13T15:30:48.871Z" }
wheels = [
    { url = "https://files.pythonhosted.org/packages/2c/58/ca301544e1fa93ed4f80d724bf5b194f6e4b945841c5bfd555878eea9fcb/referencing-0.37.0-py3-none-any.whl", hash = "sha256:381329a9f99628c9069361716891d34ad94af76e461dcb0335825aecc7692231", size = 26766, upload-time = "2025-10-13T15:30:47.625Z" },
]

[[package]]
name = "regex"
version = "2026.7.19"
source = { registry = "https://pypi.org/simple" }
sdist = { url = "https://files.pythonhosted.org/packages/20/98/04b13f1ddfb63158025291c02e03eb42fbb7acb51d091d541050eb4e35e8/regex-2026.7.19.tar.gz", hash = "sha256:7e77b324909c1617cbb4c668677e2c6ae13f44d7c1de0d4f15f2e3c10f3315b5", size = 416440, upload-time = "2026-07-19T00:19:48.923Z" }
wheels = [
    { url = "https://files.pythonhosted.org/packages/5d/3d/84165e4299ff76f3a40fe1f2abf939e976f693383a08d2beea6af62bd2c1/regex-2026.7.19-cp313-cp313-macosx_10_13_universal2.whl", hash = "sha256:f035d9dc1d25eff9d361456572231c7d27b5ccd473ca7dc0adfce732bd006d40", size = 496552, upload-time = "2026-07-19T00:17:36.808Z" },
    { url = "https://files.pythonhosted.org/packages/02/a2/a65293e6e4cf28eb7ee1be5335a5386c40d6742e9f47fafc8fec785e16c7/regex-2026.7.19-cp313-cp313-macosx_10_13_x86_64.whl", hash = "sha256:c42572142ed0b9d5d261ba727157c426510da78e20828b66bbb855098b8a4e38", size = 296983, upload-time = "2026-07-19T00:17:38.816Z" },
    { url = "https://files.pythonhosted.org/packages/95/47/2d0564e93d87bc48618360ddca232a2ca612bbdf53ce8465d45ca5ce14ee/regex-2026.7.19-cp313-cp313-macosx_11_0_arm64.whl", hash = "sha256:40b34dd88658e4fedd2fddbf0275ac970d00614b731357f425722a3ed1983d11", size = 291832, upload-time = "2026-07-19T00:17:40.726Z" },
    { url = "https://files.pythonhosted.org/packages/07/cd/42dfbabff3dfc9603c501c0e2e2c5adbb09d127b267bf5348de0af338c15/regex-2026.7.19-cp313-cp313-manylinux2014_aarch64.manylinux_2_17_aarch64.manylinux_2_28_aarch64.whl", hash = "sha256:0c41c63992bf1874cebb6e7f56fd7d3c007924659a604ae3d90e427d40d4fd13", size = 796775, upload-time = "2026-07-19T00:17:42.382Z" },
    { url = "https://files.pythonhosted.org/packages/df/5d/f6a4839f2b934e3eed5973fd07f5929ee97d4c98939fb275ea23c274ee16/regex-2026.7.19-cp313-cp313-manylinux2014_ppc64le.manylinux_2_17_ppc64le.manylinux_2_28_ppc64le.whl", hash = "sha256:1d3372064506b94dd2c67c845f2db8062e9e9ba84d04e33cb96d7d33c11fe1ae", size = 865687, upload-time = "2026-07-19T00:17:44.185Z" },
    { url = "https://files.pythonhosted.org/packages/14/b0/b47d6c36049bc59806a50bd4c86ced70bbe058d787f80281b1d7a9b0e024/regex-2026.7.19-cp313-cp313-manylinux2014_s390x.manylinux_2_17_s390x.manylinux_2_28_s390x.whl", hash = "sha256:fce7760bf283405b2c7999cab3da4e72f7deca6396013115e3f7a955db9760da", size = 911962, upload-time = "2026-07-19T00:17:46.442Z" },
    { url = "https://files.pythonhosted.org/packages/2a/be/ff61f28f9273658cfe23acbbac5217221f6519960ed401e61dfdab12bc35/regex-2026.7.19-cp313-cp313-manylinux2014_x86_64.manylinux_2_17_x86_64.manylinux_2_28_x86_64.whl", hash = "sha256:c0d702548d89d572b2929879bc883bb7a4c4709efafe4512cadee56c55c9bd15", size = 801817, upload-time = "2026-07-19T00:17:48.25Z" },
    { url = "https://files.pythonhosted.org/packages/c3/bb/8b4f7f26b333f9f79e1b453613c39bb4776f51d38ae66dd0ba31d6b354ca/regex-2026.7.19-cp313-cp313-manylinux_2_31_riscv64.manylinux_2_39_riscv64.whl", hash = "sha256:d446c6ac40bb6e05025ccee55b84d80fe9bf8e93010ffc4bb9484f13d498835f", size = 776908, upload-time = "2026-07-19T00:17:50.183Z" },
    { url = "https://files.pythonhosted.org/packages/09/13/610110fc5921d380516d03c26b652555f08aa0d23ea78a771231873c3638/regex-2026.7.19-cp313-cp313-musllinux_1_2_aarch64.whl", hash = "sha256:4c3501bfa814ab07b5580741f9bf78dfdfe146a04057f82df9e2402d2a975939", size = 784426, upload-time = "2026-07-19T00:17:52.454Z" },
    { url = "https://files.pythonhosted.org/packages/ca/f5/1ef9e2a83a5947c57ebff0b377cb5727c3d5ec1992317a320d035cd0dbb6/regex-2026.7.19-cp313-cp313-musllinux_1_2_ppc64le.whl", hash = "sha256:c4585c3e64b4f9e583b4d2683f18f5d5d872b3d71dcf24594b74ecc23602fa96", size = 860600, upload-time = "2026-07-19T00:17:54.229Z" },
    { url = "https://files.pythonhosted.org/packages/a0/02/073af33a3ec149241d11c80acea91e722aa0adbf05addd50f251c4fe89c3/regex-2026.7.19-cp313-cp313-musllinux_1_2_riscv64.whl", hash = "sha256:571fde9741eb0ccde23dd4e0c1d50fbae910e901fa7e629faf39b2dda740d220", size = 765950, upload-time = "2026-07-19T00:17:56.041Z" },
    { url = "https://files.pythonhosted.org/packages/81/a9/d1e9f819dc394a568ef370cd56cf25394e957a2235f8370f23b576e5a475/regex-2026.7.19-cp313-cp313-musllinux_1_2_s390x.whl", hash = "sha256:15b364b9b98d6d2fe1a85034c23a3180ff913f46caddc3895f6fd65186255ccc", size = 851794, upload-time = "2026-07-19T00:17:57.897Z" },
    { url = "https://files.pythonhosted.org/packages/03/3a/8ae83eda7579feacdf984e71fb9e70635fb6f832eeddca58427ec4fca926/regex-2026.7.19-cp313-cp313-musllinux_1_2_x86_64.whl", hash = "sha256:ffd8893ccc1c2fce6e0d6ca402d716fe1b29db70c7132609a05955e31b2aa8f2", size = 789845, upload-time = "2026-07-19T00:17:59.97Z" },
    { url = "https://files.pythonhosted.org/packages/4b/23/c195cbfe5a75fdec64d8f6554fd15237b837919d2c61bdc141d7c807b08b/regex-2026.7.19-cp313-cp313-win32.whl", hash = "sha256:f0fa4fa9c3632d708742baf2282f2055c11d888a790362670a403cbf48a2c404", size = 267135, upload-time = "2026-07-19T00:18:01.958Z" },
    { url = "https://files.pythonhosted.org/packages/b2/80/a11de8404b7272b70acb45c1c05987cce60b45d5693da2e176f0e390d564/regex-2026.7.19-cp313-cp313-win_amd64.whl", hash = "sha256:d51ffd3427640fa2da6ade574ceba932f210ad095f65fcc450a2b0a0d454868e", size = 277747, upload-time = "2026-07-19T00:18:04.121Z" },
    { url = "https://files.pythonhosted.org/packages/d1/29/0f5c8eff1b4f1f3d83276d365fccecf666afcc7d947420943bf394d07adb/regex-2026.7.19-cp313-cp313-win_arm64.whl", hash = "sha256:c670fe7be5b6020b76bc6e8d2196074657e1327595bca93a389e1a76ab130ad8", size = 277129, upload-time = "2026-07-19T00:18:05.821Z" },
    { url = "https://files.pythonhosted.org/packages/dc/4c/44b74742052cedda40f9ae469532a037112f7311a36669a891fba8984bb0/regex-2026.7.19-cp313-cp313t-macosx_10_13_universal2.whl", hash = "sha256:db47b561c9afd884baa1f96f797c9ca369872c4b65912bc691cfa99e68340af2", size = 501134, upload-time = "2026-07-19T00:18:07.567Z" },
    { url = "https://files.pythonhosted.org/packages/f0/45/bbd038b5e39ee5613a5a689290145b40058cc152c41de9cc23639d2b9734/regex-2026.7.19-cp313-cp313t-macosx_10_13_x86_64.whl", hash = "sha256:65dcd28d3eba2ab7c2fd906485cc301392b47cc2234790d27d4e4814e02cdfda", size = 299418, upload-time = "2026-07-19T00:18:09.38Z" },
    { url = "https://files.pythonhosted.org/packages/65/38/c5bde94b4cedfd5850d64c3f08222d8e1600e84f6ee71d9b44b4b8163f74/regex-2026.7.19-cp313-cp313t-macosx_11_0_arm64.whl", hash = "sha256:f2e7f8e2ab6c2922be02c7ec45185aa5bd771e2e57b95455ee343a44d8130dff", size = 294486, upload-time = "2026-07-19T00:18:11.188Z" },
    { url = "https://files.pythonhosted.org/packages/d7/6a/2f5e107cb26c960b781967178899daf2787a7ab151844ed3c01d6fc95474/regex-2026.7.19-cp313-cp313t-manylinux2014_aarch64.manylinux_2_17_aarch64.manylinux_2_28_aarch64.whl", hash = "sha256:fe31f28c94402043161876a258a9c6f757cb485905c7614ce8d6cd40e6b7bdc1", size = 811643, upload-time = "2026-07-19T00:18:12.975Z" },
    { url = "https://files.pythonhosted.org/packages/37/d4/a2f963406d7d73a62eed84ba05a258afb6cad1b21aa4517443ce40506b78/regex-2026.7.19-cp313-cp313t-manylinux2014_ppc64le.manylinux_2_17_ppc64le.manylinux_2_28_ppc64le.whl", hash = "sha256:f8f6fa298bb4f7f58a33334406218ba74716e68feddf5e4e54cd5d8082705abf", size = 871081, upload-time = "2026-07-19T00:18:14.733Z" },
    { url = "https://files.pythonhosted.org/packages/45/a3/44be546340bedb15f13063f5e7fe16793ea4d9ea2e805d09bd174ac27724/regex-2026.7.19-cp313-cp313t-manylinux2014_s390x.manylinux_2_17_s390x.manylinux_2_28_s390x.whl", hash = "sha256:cc1b2440423a851fad781309dd87843868f4f66a6bcd1ddb9225cf4ec2c84732", size = 917372, upload-time = "2026-07-19T00:18:16.724Z" },
    { url = "https://files.pythonhosted.org/packages/f8/f6/e0870b0fd2a40dba0074e4b76e514b21313d37946c9248453e34ec43923e/regex-2026.7.19-cp313-cp313t-manylinux2014_x86_64.manylinux_2_17_x86_64.manylinux_2_28_x86_64.whl", hash = "sha256:8ac59a0900474a52b7c04af8196affc22bd9842acb0950df12f7b813e983609a", size = 816089, upload-time = "2026-07-19T00:18:18.617Z" },
    { url = "https://files.pythonhosted.org/packages/ae/27/957e8e22690ad6634572b39b71f130a6105f4d0718bb16849eac00fff147/regex-2026.7.19-cp313-cp313t-manylinux_2_31_riscv64.manylinux_2_39_riscv64.whl", hash = "sha256:4896db1f4ce0576765b8272aa922df324e0f5b9bb2c3d03044ff32a7234a9aba", size = 785206, upload-time = "2026-07-19T00:18:20.464Z" },
    { url = "https://files.pythonhosted.org/packages/76/a4/186e410941e731037c01166069ab86da9f65e8f8110c18009ccf4bd623ee/regex-2026.7.19-cp313-cp313t-musllinux_1_2_aarch64.whl", hash = "sha256:4e6883a021db30511d9fb8cfb0f222ce1f2c369f7d4d8b0448f449a93ba0bdfc", size = 800431, upload-time = "2026-07-19T00:18:22.716Z" },
    { url = "https://files.pythonhosted.org/packages/73/9f/e4e10e023d291d64a33e246610b724493bf1ce98e0e59c9b7c837e5acfb7/regex-2026.7.19-cp313-cp313t-musllinux_1_2_ppc64le.whl", hash = "sha256:09523a592938aa9f587fb74467c63ff0cf88fc3df14c82ab0f0517dcf76aaa62", size = 864906, upload-time = "2026-07-19T00:18:24.772Z" },
    { url = "https://files.pythonhosted.org/packages/24/57/ccb20b6be5f1f52a053d1ba2a8f7a077edb9d918248b8490d7506c6832b3/regex-2026.7.19-cp313-cp313t-musllinux_1_2_riscv64.whl", hash = "sha256:1ebac3474b8589fce2f9b225b650afd61448f7c73a5d0255a10cc6366471aed1", size = 773559, upload-time = "2026-07-19T00:18:27.008Z" },
    { url = "https://files.pythonhosted.org/packages/a3/82/f3b263cf8fad927dc102891da8502e718b7ff9d19af7a2a07c03865d7188/regex-2026.7.19-cp313-cp313t-musllinux_1_2_s390x.whl", hash = "sha256:4a0530bb1b8c1c985e7e2122e2b4d3aedd8a3c21c6bfddae6767c4405668b56e", size = 857739, upload-time = "2026-07-19T00:18:29.107Z" },
    { url = "https://files.pythonhosted.org/packages/47/2e/1687bd1b6c2aed5e672ccf845fc11557821fe7366d921b50889ea5ce57bf/regex-2026.7.19-cp313-cp313t-musllinux_1_2_x86_64.whl", hash = "sha256:2ef7eeb108c47ce7bcc9513e51bcb1bf57e8f483d52fce68a8642e3527141ae0", size = 804522, upload-time = "2026-07-19T00:18:31.362Z" },
    { url = "https://files.pythonhosted.org/packages/76/7c/cc4e7655181b2d9235b704f2c5e19d8eff002bbc437bae59baee0e381aca/regex-2026.7.19-cp313-cp313t-win32.whl", hash = "sha256:64b6ca7391a1395c2638dd5c7456d67bea44fc6c5e8e92c5dc8aa6a8f23292b4", size = 269141, upload-time = "2026-07-19T00:18:33.479Z" },
    { url = "https://files.pythonhosted.org/packages/bb/14/961b4c7b05a2391c32dbc85e27773076671ef8f97f36cec70fe414734c02/regex-2026.7.19-cp313-cp313t-win_amd64.whl", hash = "sha256:f04b9f56b0e0614c0126be12c2c2d9f8850c1e57af302bd0a63bed379d4af974", size = 280036, upload-time = "2026-07-19T00:18:35.419Z" },
    { url = "https://files.pythonhosted.org/packages/ce/67/795644550d788ddbb6dc458c95895f8009978ea6d6ea76b005eb3f45e8c9/regex-2026.7.19-cp313-cp313t-win_arm64.whl", hash = "sha256:fcee38cd8e5089d6d4f048ba1233b3ad76e5954f545382180889112ff5cb712d", size = 279394, upload-time = "2026-07-19T00:18:37.454Z" },
]

[[package]]
name = "rfc3986"
version = "1.5.0"
source = { registry = "https://pypi.org/simple" }
sdist = { url = "https://files.pythonhosted.org/packages/79/30/5b1b6c28c105629cc12b33bdcbb0b11b5bb1880c6cfbd955f9e792921aa8/rfc3986-1.5.0.tar.gz", hash = "sha256:270aaf10d87d0d4e095063c65bf3ddbc6ee3d0b226328ce21e036f946e421835", size = 49378, upload-time = "2021-05-07T23:29:27.183Z" }
wheels = [
    { url = "https://files.pythonhosted.org/packages/c4/e5/63ca2c4edf4e00657584608bee1001302bbf8c5f569340b78304f2f446cb/rfc3986-1.5.0-py2.py3-none-any.whl", hash = "sha256:a86d6e1f5b1dc238b218b012df0aa79409667bb209e58da56d0b94704e712a97", size = 31976, upload-time = "2021-05-07T23:29:25.611Z" },
]

[[package]]
name = "rpds-py"
version = "2026.6.3"
source = { registry = "https://pypi.org/simple" }
sdist = { url = "https://files.pythonhosted.org/packages/aa/2a/9618a122aeb2a169a28b03889a2995fe297588964333d4a7d67bdf46e147/rpds_py-2026.6.3.tar.gz", hash = "sha256:1cebd1337c242e4ec2293e541f712b2da849b29f48f0c293684b71c0632625d4", size = 64051, upload-time = "2026-06-30T07:17:53.009Z" }
wheels = [
    { url = "https://files.pythonhosted.org/packages/a4/9e/b818ee580026ec578138e961027a68820c40afeb1ec8f6819b54fb99e196/rpds_py-2026.6.3-cp313-cp313-macosx_10_12_x86_64.whl", hash = "sha256:3cfe765c1da0072636ca06628261e0ea05688e160d5c8a03e0217c3854037223", size = 343012, upload-time = "2026-06-30T07:15:36.005Z" },
    { url = "https://files.pythonhosted.org/packages/f3/6b/686d9dc4359a8f163cfbbf89ee0b4e586431de22fe8248edb63a8cf50d49/rpds_py-2026.6.3-cp313-cp313-macosx_11_0_arm64.whl", hash = "sha256:f4d78253f6996be4901669ad25319f842f740eccf4d58e3c7f3dd39e6dde1d8f", size = 338203, upload-time = "2026-06-30T07:15:37.462Z" },
    { url = "https://files.pythonhosted.org/packages/9e/9b/069aa329940f8207615e091f5eedbbd40e1e15eac68a0790fd05ccdf796c/rpds_py-2026.6.3-cp313-cp313-manylinux_2_17_aarch64.manylinux2014_aarch64.whl", hash = "sha256:54f45a148e28767bf343d33a684693c70e451c6f4c0e9904709a723fafbdfc1f", size = 367984, upload-time = "2026-06-30T07:15:39.008Z" },
    { url = "https://files.pythonhosted.org/packages/14/db/34c203e4becff3703e4d3bc121842c00b8689197f398161203a880052f4e/rpds_py-2026.6.3-cp313-cp313-manylinux_2_17_armv7l.manylinux2014_armv7l.whl", hash = "sha256:842e7b070435622248c7a2c44ae53fa1440e073cc3023bc919fed570884097a7", size = 374815, upload-time = "2026-06-30T07:15:40.253Z" },
    { url = "https://files.pythonhosted.org/packages/ee/7d/8071067d2cc453d916ad836e828c943f575e8a44612537759002a1e07381/rpds_py-2026.6.3-cp313-cp313-manylinux_2_17_ppc64le.manylinux2014_ppc64le.whl", hash = "sha256:8020133a74bd81b4572dd8e4be028a6b1ebcd70e6726edc3918008c08bee6ee6", size = 490545, upload-time = "2026-06-30T07:15:41.729Z" },
    { url = "https://files.pythonhosted.org/packages/a3/42/da06c5aa8f0484ff07f270787434204d9f4535e2f8c3b51ed402267e63c3/rpds_py-2026.6.3-cp313-cp313-manylinux_2_17_s390x.manylinux2014_s390x.whl", hash = "sha256:cdc7e35386f3847df728fbcb5e887e2d79c19e2fa1eba9e51b6621d23e3243af", size = 382828, upload-time = "2026-06-30T07:15:43.327Z" },
    { url = "https://files.pythonhosted.org/packages/57/d7/fe978efc2ae50abe48eb7464668ea99f53c010c60aeebb7b35ad27f23661/rpds_py-2026.6.3-cp313-cp313-manylinux_2_17_x86_64.manylinux2014_x86_64.whl", hash = "sha256:acac386b453c2516111b50985d60ce46e7fadb5ea71ae7b25f4c946935bf27cf", size = 365678, upload-time = "2026-06-30T07:15:44.992Z" },
    { url = "https://files.pythonhosted.org/packages/69/9d/1d8922e1990b2a6eb532b6ff53d3e73d2b3bbffc84116c75826bee73dfc6/rpds_py-2026.6.3-cp313-cp313-manylinux_2_31_riscv64.whl", hash = "sha256:425560c6fa0415f27261727bb20bd097568485e5eb0c121f1949417d1c516885", size = 377811, upload-time = "2026-06-30T07:15:46.523Z" },
    { url = "https://files.pythonhosted.org/packages/b1/3d/198dceafb4fb034a6a47347e1b0735d34e0bd4a50be4e898d408ee66cb14/rpds_py-2026.6.3-cp313-cp313-manylinux_2_5_i686.manylinux1_i686.whl", hash = "sha256:a550fb4950a06dde3beb4721f5ad4b25bf4513784665b0a8522c792e2bd822a4", size = 395382, upload-time = "2026-06-30T07:15:47.955Z" },
    { url = "https://files.pythonhosted.org/packages/1f/f1/13968e49655d40b6b19d8b9140296bbc6f1d86b3f0f6c346cf9f1adddf4b/rpds_py-2026.6.3-cp313-cp313-musllinux_1_2_aarch64.whl", hash = "sha256:4f4bca01b63096f606e095734dd56e74e175f94cfbf24ff3d63281cec61f7bb7", size = 543832, upload-time = "2026-06-30T07:15:49.33Z" },
    { url = "https://files.pythonhosted.org/packages/ac/ab/289bcb1b90bd3e40a2900c561fa0e2087345ecbb094f0b870f2345142b7c/rpds_py-2026.6.3-cp313-cp313-musllinux_1_2_i686.whl", hash = "sha256:ccffae9a092a00deb7efd545fe5e2c33c33b88e7c054337e9a74c179347d0b7d", size = 611011, upload-time = "2026-06-30T07:15:50.847Z" },
    { url = "https://files.pythonhosted.org/packages/1e/16/5043105e679436ccfbc8e5e0dd2d663ed18a8b8113515fd06a5e5d77c83e/rpds_py-2026.6.3-cp313-cp313-musllinux_1_2_x86_64.whl", hash = "sha256:1cf01971c4f2c5553b772a542e4aaf191789cd331bc2cd4ff0e6e65ba49e1e97", size = 572431, upload-time = "2026-06-30T07:15:52.394Z" },
    { url = "https://files.pythonhosted.org/packages/85/ed/adab103321c0a6565d5ae1c2998349bc3ee175b82ccc5ae8fc04cc413075/rpds_py-2026.6.3-cp313-cp313-win32.whl", hash = "sha256:8c3d1e9c15b9d51ca0391e13da1a25a0a4df3c58a37c9dc368e0736cf7f69df0", size = 201710, upload-time = "2026-06-30T07:15:53.894Z" },
    { url = "https://files.pythonhosted.org/packages/7b/ed/a03b09668e74e5dabbf2e211f6468e1820c0552f7b0500082da31841bf7b/rpds_py-2026.6.3-cp313-cp313-win_amd64.whl", hash = "sha256:9250a9a0a6fd4648b3f868da8d91a4c52b5811a62df58e753d50ae4454a36f80", size = 219454, upload-time = "2026-06-30T07:15:55.25Z" },
    { url = "https://files.pythonhosted.org/packages/27/17/b8642c12930b71bc2b25831f6708ccf0f75abcd11883932ec9ce54ba3a78/rpds_py-2026.6.3-cp313-cp313-win_arm64.whl", hash = "sha256:900a67df3fd1660b035a4761c4ce73c382ea6b35f90f9863c36c6fd8bf8b09bb", size = 215063, upload-time = "2026-06-30T07:15:56.573Z" },
]

[[package]]
name = "segments"
version = "2.4.0"
source = { registry = "https://pypi.org/simple" }
dependencies = [
    { name = "csvw" },
    { name = "regex" },
]
sdist = { url = "https://files.pythonhosted.org/packages/8b/57/85cac3a8e32370e88fa5fa92812edb6025db7fcbed51452bd56ee1524957/segments-2.4.0.tar.gz", hash = "sha256:bba71f5520ddd54c8aa2f4d765a60618c6862162d6e7356a4a097f2223166f5b", size = 18662, upload-time = "2026-03-07T10:01:28.925Z" }
wheels = [
    { url = "https://files.pythonhosted.org/packages/be/60/eef9acce946177f92c9aabf432224d87ab908bafafac516a36ab924199f3/segments-2.4.0-py2.py3-none-any.whl", hash = "sha256:4021dc67f201cc03c864c74c618bdb163b1af629da3040babbaa37d8813f3db0", size = 16321, upload-time = "2026-03-07T10:01:27.885Z" },
]

[[package]]
name = "six"
version = "1.17.0"
source = { registry = "https://pypi.org/simple" }
sdist = { url = "https://files.pythonhosted.org/packages/94/e7/b2c673351809dca68a0e064b6af791aa332cf192da575fd474ed7d6f16a2/six-1.17.0.tar.gz", hash = "sha256:ff70335d468e7eb6ec65b95b99d3a2836546063f63acc5171de367e834932a81", size = 34031, upload-time = "2024-12-04T17:35:28.174Z" }
wheels = [
    { url = "https://files.pythonhosted.org/packages/b7/ce/149a00dd41f10bc29e5921b496af8b574d8413afcd5e30dfa0ed46c2cc5e/six-1.17.0-py2.py3-none-any.whl", hash = "sha256:4721f391ed90541fddacab5acf947aa0d3dc7d27b2e1e8eda2be8970586c3274", size = 11050, upload-time = "2024-12-04T17:35:26.475Z" },
]

[[package]]
name = "termcolor"
version = "3.3.0"
source = { registry = "https://pypi.org/simple" }
sdist = { url = "https://files.pythonhosted.org/packages/46/79/cf31d7a93a8fdc6aa0fbb665be84426a8c5a557d9240b6239e9e11e35fc5/termcolor-3.3.0.tar.gz", hash = "sha256:348871ca648ec6a9a983a13ab626c0acce02f515b9e1983332b17af7979521c5", size = 14434, upload-time = "2025-12-29T12:55:21.882Z" }
wheels = [
    { url = "https://files.pythonhosted.org/packages/33/d1/8bb87d21e9aeb323cc03034f5eaf2c8f69841e40e4853c2627edf8111ed3/termcolor-3.3.0-py3-none-any.whl", hash = "sha256:cf642efadaf0a8ebbbf4bc7a31cec2f9b5f21a9f726f4ccbb08192c9c26f43a5", size = 7734, upload-time = "2025-12-29T12:55:20.718Z" },
]

[[package]]
name = "typing-extensions"
version = "4.16.0"
source = { registry = "https://pypi.org/simple" }
sdist = { url = "https://files.pythonhosted.org/packages/f6/cc/6253133b5bb138fc3306cebfbda2c520f545d36b5be2c7255cc528bb45d6/typing_extensions-4.16.0.tar.gz", hash = "sha256:dc983d19a509c94dba722ee6abd33940f7c05a89e243c47e907eb4db6f1a43e5", size = 113555, upload-time = "2026-07-02T08:40:05.92Z" }
wheels = [
    { url = "https://files.pythonhosted.org/packages/49/d3/b8441a820a491ddfc024b0b0cf0393375b75ea13866d9c66727e54c2fc80/typing_extensions-4.16.0-py3-none-any.whl", hash = "sha256:481caa481374e813c1b176ada14e97f1f67a4539ce9cfeb3f350d78d6370c2e8", size = 45571, upload-time = "2026-07-02T08:40:04.659Z" },
]

[[package]]
name = "uritemplate"
version = "4.2.0"
source = { registry = "https://pypi.org/simple" }
sdist = { url = "https://files.pythonhosted.org/packages/98/60/f174043244c5306c9988380d2cb10009f91563fc4b31293d27e17201af56/uritemplate-4.2.0.tar.gz", hash = "sha256:480c2ed180878955863323eea31b0ede668795de182617fef9c6ca09e6ec9d0e", size = 33267, upload-time = "2025-06-02T15:12:06.318Z" }
wheels = [
    { url = "https://files.pythonhosted.org/packages/a9/99/3ae339466c9183ea5b8ae87b34c0b897eda475d2aec2307cae60e5cd4f29/uritemplate-4.2.0-py3-none-any.whl", hash = "sha256:962201ba1c4edcab02e60f9a0d3821e82dfc5d2d6662a21abd533879bdb8a686", size = 11488, upload-time = "2025-06-02T15:12:03.405Z" },
]

[[package]]
name = "wyoming"
version = "1.9.0"
source = { registry = "https://pypi.org/simple" }
sdist = { url = "https://files.pythonhosted.org/packages/0d/35/cdb33395d434a48995005778660929f8625c05333c143a3aba834b41d582/wyoming-1.9.0.tar.gz", hash = "sha256:4f2a5aa24c221d08af20edbdf8267e4d78bf994e128f3b3cd9a82bb859bc36fb", size = 39186, upload-time = "2026-05-14T15:53:12.352Z" }
wheels = [
    { url = "https://files.pythonhosted.org/packages/8f/04/14dec9ad93de23ea1cd4b570b239ac95805e21dd02022a15886a3b3c194b/wyoming-1.9.0-py3-none-any.whl", hash = "sha256:73ad50384d4a3bc7be70cbadfd3ba34902b4a7d94d8b02e59d4ae7a271b93c0b", size = 40520, upload-time = "2026-05-14T15:53:11.1Z" },
]

[[package]]
name = "wyoming-kokoro-cpu"
version = "0.1.0"
source = { virtual = "." }
dependencies = [
    { name = "kokoro-onnx" },
    { name = "numpy" },
    { name = "wyoming" },
]

[package.metadata]
requires-dist = [
    { name = "kokoro-onnx", specifier = "==0.5.0" },
    { name = "numpy", specifier = "==2.4.6" },
    { name = "wyoming", specifier = "==1.9.0" },
]
